{
  "version": 2,
  "dependencies": {
    "net10.0": {
      "Quartz.Extensions.Hosting": {
        "type": "Direct",
        "requested": "[4.4.0, )",
        "resolved": "4.4.0",
        "contentHash": "8P6FLw6WhijVnL4I7uzfxhXap4C4pMsS04qmIAxJfm3EE0HMR28U217fPt1dcwqhqOdOs4rYzm60c3mFHIhv7g==",
        "dependencies": {
          "Quartz": "4.4.0"
        }
      },
      "System.IO.Abstractions": {
        "type": "Direct",
        "requested": "[22.3.0, )",
        "resolved": "22.3.0",
        "contentHash": "dHMHwd6rl1CFJvdD9jnahy3ZjU67huvUCNhitH+7mzg8ZfLocc5ZQyKmUQMUJiQdElARWJBw0XQQzP6BCKsglA==",
        "dependencies": {
          "TestableIO.System.IO.Abstractions": "22.3.0",
          "TestableIO.System.IO.Abstractions.Wrappers": "22.3.0"
        }
      },
      "Microsoft.Data.Sqlite.Core": {
        "type": "Transitive",
        "resolved": "10.0.12",
        "contentHash": "2aL9eL5HQr0V4b8V909SD+jQAx6qnTTl7sT/v3D8dIvmr2UGdpZIQxqm1pj2Js3e4EYTvpw0oMH7DjapJJuPPw==",
        "dependencies": {
          "SQLitePCLRaw.core": "2.1.12"
        }
      },
      "SQLitePCLRaw.bundle_e_sqlite3": {
        "type": "Transitive",
        "resolved": "2.1.12",
        "contentHash": "mAgscpQMLw5/nfA1Q5oJVAT29yROUo1ifZGbbTpx/lwZpSxMUGoYbKfmvdm8oXER+RzxqBmmQzeBEVKfeHv2nw==",
        "dependencies": {
          "SQLitePCLRaw.lib.e_sqlite3": "2.1.12",
          "SQLitePCLRaw.provider.e_sqlite3": "2.1.12"
        }
      },
      "SQLitePCLRaw.core": {
        "type": "Transitive",
        "resolved": "2.1.12",
        "contentHash": "ETpNw9DY3ckWLgRRAeCHj+GKOuPi61aeczkXhgHexUvqoZBAYg8RYESE2J7O1M7+o6QbdSEZwrw9bfqztUVWXg=="
      },
      "SQLitePCLRaw.lib.e_sqlite3": {
        "type": "Transitive",
        "resolved": "2.1.12",
        "contentHash": "fWi8Dbknuhgg72fWinIdjXVaqO1hHL4YBBwVLnr7e1c9TAZwJ0QE38j9syW1hwx6HaqEVTwI+O07WPdZn8Rp0w=="
      },
      "SQLitePCLRaw.provider.e_sqlite3": {
        "type": "Transitive",
        "resolved": "2.1.12",
        "contentHash": "W3oH4XIfCzFrgUSDKHhN6N+dgzA5YHOR2VxX8GB6Qy7CyrJJgxPEG8NirgYWlPQC5P2jz2knSsexWu4tDUL33g==",
        "dependencies": {
          "SQLitePCLRaw.core": "2.1.12"
        }
      },
      "TestableIO.System.IO.Abstractions": {
        "type": "Transitive",
        "resolved": "22.3.0",
        "contentHash": "2dqQ5AEE61NkQ/0F31mhOXYhgzZOtC+RUuJajwYa7gPgZBqJVe9Mc/hnqXEbBSDOxGZ7hYsmULjzK3yqewB3FA==",
        "dependencies": {
          "Testably.Abstractions.FileSystem.Interface": "10.4.0"
        }
      },
      "TestableIO.System.IO.Abstractions.Wrappers": {
        "type": "Transitive",
        "resolved": "22.3.0",
        "contentHash": "9TsOEcwIGJXHjkZ/lIpg6KnoRjxpZZ/LpMvNddcXEvmcxWKZdbhSy2UWMpy3oN8klbQ3dcpxbp9AddQk0zE+Kg==",
        "dependencies": {
          "Testably.Abstractions.FileSystem.Interface": "10.4.0"
        }
      },
      "Testably.Abstractions.FileSystem.Interface": {
        "type": "Transitive",
        "resolved": "10.4.0",
        "contentHash": "7G5NzIjs7544Dit0uuvYOOAzD8E4alQS2ENPGT3HV1Ks/1r55O7X4d9g6L273n70IDkgqNdBCmrkWxJLn0xCZA=="
      },
      "scheduler.application": {
        "type": "Project",
        "dependencies": {
          "Scheduler.Contracts": "[1.0.0, )"
        }
      },
      "scheduler.contracts": {
        "type": "Project"
      },
      "scheduler.infrastructure": {
        "type": "Project",
        "dependencies": {
          "Microsoft.Data.Sqlite": "[10.0.12, )",
          "Quartz": "[4.4.0, )",
          "Scheduler.Application": "[1.0.0, )",
          "System.IO.Abstractions": "[22.3.0, )"
        }
      },
      "scheduler.runtime.inprocess": {
        "type": "Project",
        "dependencies": {
          "Scheduler.Application": "[1.0.0, )"
        }
      },
      "Microsoft.Data.Sqlite": {
        "type": "CentralTransitive",
        "requested": "[10.0.12, )",
        "resolved": "10.0.12",
        "contentHash": "xUq9xUc653ue7ac2rMfCaf8UQN+U3zS8poWYlugycpvJllplMM0Mk7v/+MM0CTlu9zGvbGML4BPH8YWhrUOfGw==",
        "dependencies": {
          "Microsoft.Data.Sqlite.Core": "10.0.12",
          "SQLitePCLRaw.bundle_e_sqlite3": "2.1.12",
          "SQLitePCLRaw.core": "2.1.12"
        }
      },
      "Quartz": {
        "type": "CentralTransitive",
        "requested": "[4.4.0, )",
        "resolved": "4.4.0",
        "contentHash": "S4swtePwq2vUIvG+B9M7BNIv65icqWfkQwkR2EzVvoT3/MACM2FaSjappcIzaGk5/5K/D8kWLb92kwURkWih3Q=="
      }
    }
  }
}